
Microsoft Visual Studio Solution File, Format Version 12.00
# Visual Studio Version 17
VisualStudioVersion = 17.14.37111.16 d17.14
MinimumVisualStudioVersion = 10.0.40219.1
Project("{FAE04EC0-301F-11D3-BF4B-00C04F79EFBC}") = "RPN_Api", "RPN_Api\RPN_Api.csproj", "{57C5B19F-4853-46DF-A7B4-34EB1493F910}"
EndProject
Global
	GlobalSection(SolutionConfigurationPlatforms) = preSolution
		Debug|Any CPU = Debug|Any CPU
		Release|Any CPU = Release|Any CPU
	EndGlobalSection
	GlobalSection(ProjectConfigurationPlatforms) = postSolution
		{57C5B19F-4853-46DF-A7B4-34EB1493F910}.Debug|Any CPU.ActiveCfg = Debug|Any CPU
		{57C5B19F-4853-46DF-A7B4-34EB1493F910}.Debug|Any CPU.Build.0 = Debug|Any CPU
		{57C5B19F-4853-46DF-A7B4-34EB1493F910}.Release|Any CPU.ActiveCfg = Release|Any CPU
		{57C5B19F-4853-46DF-A7B4-34EB1493F910}.Release|Any CPU.Build.0 = Release|Any CPU
	EndGlobalSection
	GlobalSection(SolutionProperties) = preSolution
		HideSolutionNode = FALSE
	EndGlobalSection
	GlobalSection(ExtensibilityGlobals) = postSolution
		SolutionGuid = {781A93B9-033F-4FA5-B0D0-74C1863E50D2}
	EndGlobalSection
EndGlobal
