
Microsoft Visual Studio Solution File, Format Version 12.00
# Visual Studio Version 17
VisualStudioVersion = 17.14.37111.16
MinimumVisualStudioVersion = 10.0.40219.1
Project("{FAE04EC0-301F-11D3-BF4B-00C04F79EFBC}") = "RPN_Api", "RPN_Api\RPN_Api.csproj", "{57C5B19F-4853-46DF-A7B4-34EB1493F910}"
EndProject
Project("{FAE04EC0-301F-11D3-BF4B-00C04F79EFBC}") = "RpnCalculator_V1", "RpnCalculator_V1\RpnCalculator_V1.csproj", "{D2062D14-8106-BBD8-0DF0-687640F8AC9F}"
EndProject
Project("{FAE04EC0-301F-11D3-BF4B-00C04F79EFBC}") = "TestRPN", "TestRPN\TestRPN.csproj", "{725BC633-54F0-4238-05D1-D3FB263AE149}"
EndProject
Global
	GlobalSection(SolutionConfigurationPlatforms) = preSolution
		Debug|Any CPU = Debug|Any CPU
		Release|Any CPU = Release|Any CPU
	EndGlobalSection
	GlobalSection(ProjectConfigurationPlatforms) = postSolution
		{57C5B19F-4853-46DF-A7B4-34EB1493F910}.Debug|Any CPU.ActiveCfg = Debug|Any CPU
		{57C5B19F-4853-46DF-A7B4-34EB1493F910}.Debug|Any CPU.Build.0 = Debug|Any CPU
		{57C5B19F-4853-46DF-A7B4-34EB1493F910}.Release|Any CPU.ActiveCfg = Release|Any CPU
		{57C5B19F-4853-46DF-A7B4-34EB1493F910}.Release|Any CPU.Build.0 = Release|Any CPU
		{D2062D14-8106-BBD8-0DF0-687640F8AC9F}.Debug|Any CPU.ActiveCfg = Debug|Any CPU
		{D2062D14-8106-BBD8-0DF0-687640F8AC9F}.Debug|Any CPU.Build.0 = Debug|Any CPU
		{D2062D14-8106-BBD8-0DF0-687640F8AC9F}.Release|Any CPU.ActiveCfg = Release|Any CPU
		{D2062D14-8106-BBD8-0DF0-687640F8AC9F}.Release|Any CPU.Build.0 = Release|Any CPU
		{725BC633-54F0-4238-05D1-D3FB263AE149}.Debug|Any CPU.ActiveCfg = Debug|Any CPU
		{725BC633-54F0-4238-05D1-D3FB263AE149}.Debug|Any CPU.Build.0 = Debug|Any CPU
		{725BC633-54F0-4238-05D1-D3FB263AE149}.Release|Any CPU.ActiveCfg = Release|Any CPU
		{725BC633-54F0-4238-05D1-D3FB263AE149}.Release|Any CPU.Build.0 = Release|Any CPU
	EndGlobalSection
	GlobalSection(SolutionProperties) = preSolution
		HideSolutionNode = FALSE
	EndGlobalSection
	GlobalSection(ExtensibilityGlobals) = postSolution
		SolutionGuid = {781A93B9-033F-4FA5-B0D0-74C1863E50D2}
	EndGlobalSection
EndGlobal
